github.com/davecgh/go-spew v1.1.1 h1:vj9j/u1bqnvCEfJOwUhtlOARqs3+rkHYY13jYWTU97c=
github.com/davecgh/go-spew v1.1.1/go.mod h1:J7Y8YcW2NihsgmVo/mv3lAwl/skON4iLHjSsI+c5H38=
github.com/maxatome/go-testdeep v1.7.1-0.20200907211355-39b063596554 h1:5UHRs5W0m5jkIH8sTuqLHSu7aFqhHZ9K/68rdNbSfOs=
github.com/maxatome/go-testdeep v1.7.1-0.20200907211355-39b063596554/go.mod h1:011SgQ6efzZYAen6fDn4BqQ+lUR72ysdyKe7Dyogw70=
